{
  "version": 4,
  "terraform_version": "1.4.4",
  "serial": 7,
  "lineage": "18fca8e5-c7c0-5eb4-6928-f54d03aa823d",
  "outputs": {},
  "resources": [
    {
      "mode": "data",
      "type": "github_repository",
      "name": "test1",
      "provider": "provider[\"registry.terraform.io/integrations/github\"]",
      "instances": [
        {
          "schema_version": 0,
          "attributes": {
            "allow_merge_commit": true,
            "allow_rebase_merge": true,
            "allow_squash_merge": true,
            "archived": false,
            "default_branch": "main",
            "description": "",
            "full_name": "ceelinab/Test1",
            "git_clone_url": "git://github.com/ceelinab/Test1.git",
            "has_downloads": true,
            "has_issues": true,
            "has_projects": true,
            "has_wiki": true,
            "homepage_url": "",
            "html_url": "https://github.com/ceelinab/Test1",
            "http_clone_url": "https://github.com/ceelinab/Test1.git",
            "id": "Test1",
            "name": "Test1",
            "node_id": "R_kgDOJA9sPA",
            "pages": [],
            "private": false,
            "repo_id": 604990524,
            "ssh_clone_url": "git@github.com:ceelinab/Test1.git",
            "svn_url": "https://github.com/ceelinab/Test1",
            "topics": [],
            "visibility": "public"
          },
          "sensitive_attributes": []
        }
      ]
    },
    {
      "mode": "managed",
      "type": "github_branch_protection",
      "name": "example",
      "provider": "provider[\"registry.terraform.io/integrations/github\"]",
      "instances": [
        {
          "schema_version": 1,
          "attributes": {
            "allows_deletions": false,
            "allows_force_pushes": false,
            "enforce_admins": false,
            "id": "BPR_kwDOJA9sPM4CJmzy",
            "pattern": "dev",
            "push_restrictions": [],
            "repository_id": "Test1",
            "require_signed_commits": true,
            "required_pull_request_reviews": [
              {
                "dismiss_stale_reviews": true,
                "dismissal_restrictions": [],
                "require_code_owner_reviews": true,
                "required_approving_review_count": 2,
                "restrict_dismissals": false
              }
            ],
            "required_status_checks": [
              {
                "contexts": [
                  "ci"
                ],
                "strict": true
              }
            ]
          },
          "sensitive_attributes": [],
          "private": "eyJzY2hlbWFfdmVyc2lvbiI6IjEifQ==",
          "dependencies": [
            "data.github_repository.test1"
          ]
        }
      ]
    }
  ],
  "check_results": null
}
